
Microsoft Visual Studio Solution File, Format Version 12.00
# Visual Studio Version 17
VisualStudioVersion = 17.9.34728.123
MinimumVisualStudioVersion = 10.0.40219.1
Project("{FAE04EC0-301F-11D3-BF4B-00C04F79EFBC}") = "Entity Framework", "Entity Framework\Entity Framework.csproj", "{7FAB2A5C-973A-4B59-89D9-DF6879C32CA7}"
EndProject
Global
	GlobalSection(SolutionConfigurationPlatforms) = preSolution
		Debug|Any CPU = Debug|Any CPU
		Release|Any CPU = Release|Any CPU
	EndGlobalSection
	GlobalSection(ProjectConfigurationPlatforms) = postSolution
		{7FAB2A5C-973A-4B59-89D9-DF6879C32CA7}.Debug|Any CPU.ActiveCfg = Debug|Any CPU
		{7FAB2A5C-973A-4B59-89D9-DF6879C32CA7}.Debug|Any CPU.Build.0 = Debug|Any CPU
		{7FAB2A5C-973A-4B59-89D9-DF6879C32CA7}.Release|Any CPU.ActiveCfg = Release|Any CPU
		{7FAB2A5C-973A-4B59-89D9-DF6879C32CA7}.Release|Any CPU.Build.0 = Release|Any CPU
	EndGlobalSection
	GlobalSection(SolutionProperties) = preSolution
		HideSolutionNode = FALSE
	EndGlobalSection
	GlobalSection(ExtensibilityGlobals) = postSolution
		SolutionGuid = {37380412-4E6E-4B0F-B23E-613815C4B259}
	EndGlobalSection
EndGlobal
